[[package]]
name = "cfg-if"
version = "0.1.6"
source = "registry+https://github.com/rust-lang/crates.io-index"

[[package]]
name = "either"
version = "1.5.0"
source = "registry+https://github.com/rust-lang/crates.io-index"

[[package]]
name = "embrio-async"
version = "0.1.0"
source = "git+https://github.com/Nemo157/embrio-rs?rev=73853731f00b1babefe572fe8b339f188e1a17db#73853731f00b1babefe572fe8b339f188e1a17db"
dependencies = [
 "embrio-async-dehygiene 0.1.0 (git+https://github.com/Nemo157/embrio-rs?rev=73853731f00b1babefe572fe8b339f188e1a17db)",
]

[[package]]
name = "embrio-async-dehygiene"
version = "0.1.0"
source = "git+https://github.com/Nemo157/embrio-rs?rev=73853731f00b1babefe572fe8b339f188e1a17db#73853731f00b1babefe572fe8b339f188e1a17db"
dependencies = [
 "proc-macro2 0.4.27 (registry+https://github.com/rust-lang/crates.io-index)",
 "quote 0.6.11 (registry+https://github.com/rust-lang/crates.io-index)",
]

[[package]]
name = "example-app"
version = "0.1.0"
dependencies = [
 "embrio-async 0.1.0 (git+https://github.com/Nemo157/embrio-rs?rev=73853731f00b1babefe572fe8b339f188e1a17db)",
 "futures-preview 0.3.0-alpha.12 (registry+https://github.com/rust-lang/crates.io-index)",
 "guest 0.1.0",
 "wee_alloc 0.4.2 (registry+https://github.com/rust-lang/crates.io-index)",
]

[[package]]
name = "futures-channel-preview"
version = "0.3.0-alpha.12"
source = "registry+https://github.com/rust-lang/crates.io-index"
dependencies = [
 "futures-core-preview 0.3.0-alpha.12 (registry+https://github.com/rust-lang/crates.io-index)",
]

[[package]]
name = "futures-core-preview"
version = "0.3.0-alpha.12"
source = "registry+https://github.com/rust-lang/crates.io-index"

[[package]]
name = "futures-executor-preview"
version = "0.3.0-alpha.12"
source = "registry+https://github.com/rust-lang/crates.io-index"
dependencies = [
 "futures-channel-preview 0.3.0-alpha.12 (registry+https://github.com/rust-lang/crates.io-index)",
 "futures-core-preview 0.3.0-alpha.12 (registry+https://github.com/rust-lang/crates.io-index)",
 "futures-util-preview 0.3.0-alpha.12 (registry+https://github.com/rust-lang/crates.io-index)",
 "pin-utils 0.1.0-alpha.4 (registry+https://github.com/rust-lang/crates.io-index)",
]

[[package]]
name = "futures-io-preview"
version = "0.3.0-alpha.12"
source = "registry+https://github.com/rust-lang/crates.io-index"
dependencies = [
 "futures-core-preview 0.3.0-alpha.12 (registry+https://github.com/rust-lang/crates.io-index)",
]

[[package]]
name = "futures-preview"
version = "0.3.0-alpha.12"
source = "registry+https://github.com/rust-lang/crates.io-index"
dependencies = [
 "futures-channel-preview 0.3.0-alpha.12 (registry+https://github.com/rust-lang/crates.io-index)",
 "futures-core-preview 0.3.0-alpha.12 (registry+https://github.com/rust-lang/crates.io-index)",
 "futures-executor-preview 0.3.0-alpha.12 (registry+https://github.com/rust-lang/crates.io-index)",
 "futures-io-preview 0.3.0-alpha.12 (registry+https://github.com/rust-lang/crates.io-index)",
 "futures-sink-preview 0.3.0-alpha.12 (registry+https://github.com/rust-lang/crates.io-index)",
 "futures-util-preview 0.3.0-alpha.12 (registry+https://github.com/rust-lang/crates.io-index)",
]

[[package]]
name = "futures-select-macro-preview"
version = "0.3.0-alpha.12"
source = "registry+https://github.com/rust-lang/crates.io-index"
dependencies = [
 "proc-macro-hack 0.5.4 (registry+https://github.com/rust-lang/crates.io-index)",
 "proc-macro2 0.4.27 (registry+https://github.com/rust-lang/crates.io-index)",
 "quote 0.6.11 (registry+https://github.com/rust-lang/crates.io-index)",
 "syn 0.15.26 (registry+https://github.com/rust-lang/crates.io-index)",
]

[[package]]
name = "futures-sink-preview"
version = "0.3.0-alpha.12"
source = "registry+https://github.com/rust-lang/crates.io-index"
dependencies = [
 "futures-channel-preview 0.3.0-alpha.12 (registry+https://github.com/rust-lang/crates.io-index)",
 "futures-core-preview 0.3.0-alpha.12 (registry+https://github.com/rust-lang/crates.io-index)",
]

[[package]]
name = "futures-util-preview"
version = "0.3.0-alpha.12"
source = "registry+https://github.com/rust-lang/crates.io-index"
dependencies = [
 "either 1.5.0 (registry+https://github.com/rust-lang/crates.io-index)",
 "futures-channel-preview 0.3.0-alpha.12 (registry+https://github.com/rust-lang/crates.io-index)",
 "futures-core-preview 0.3.0-alpha.12 (registry+https://github.com/rust-lang/crates.io-index)",
 "futures-io-preview 0.3.0-alpha.12 (registry+https://github.com/rust-lang/crates.io-index)",
 "futures-select-macro-preview 0.3.0-alpha.12 (registry+https://github.com/rust-lang/crates.io-index)",
 "futures-sink-preview 0.3.0-alpha.12 (registry+https://github.com/rust-lang/crates.io-index)",
 "pin-utils 0.1.0-alpha.4 (registry+https://github.com/rust-lang/crates.io-index)",
 "proc-macro-hack 0.5.4 (registry+https://github.com/rust-lang/crates.io-index)",
 "proc-macro-nested 0.1.2 (registry+https://github.com/rust-lang/crates.io-index)",
]

[[package]]
name = "guest"
version = "0.1.0"
dependencies = [
 "embrio-async 0.1.0 (git+https://github.com/Nemo157/embrio-rs?rev=73853731f00b1babefe572fe8b339f188e1a17db)",
 "futures-preview 0.3.0-alpha.12 (registry+https://github.com/rust-lang/crates.io-index)",
]

[[package]]
name = "libc"
version = "0.2.48"
source = "registry+https://github.com/rust-lang/crates.io-index"

[[package]]
name = "memory_units"
version = "0.4.0"
source = "registry+https://github.com/rust-lang/crates.io-index"

[[package]]
name = "pin-utils"
version = "0.1.0-alpha.4"
source = "registry+https://github.com/rust-lang/crates.io-index"

[[package]]
name = "proc-macro-hack"
version = "0.5.4"
source = "registry+https://github.com/rust-lang/crates.io-index"
dependencies = [
 "proc-macro2 0.4.27 (registry+https://github.com/rust-lang/crates.io-index)",
 "quote 0.6.11 (registry+https://github.com/rust-lang/crates.io-index)",
 "syn 0.15.26 (registry+https://github.com/rust-lang/crates.io-index)",
]

[[package]]
name = "proc-macro-nested"
version = "0.1.2"
source = "registry+https://github.com/rust-lang/crates.io-index"

[[package]]
name = "proc-macro2"
version = "0.4.27"
source = "registry+https://github.com/rust-lang/crates.io-index"
dependencies = [
 "unicode-xid 0.1.0 (registry+https://github.com/rust-lang/crates.io-index)",
]

[[package]]
name = "quote"
version = "0.6.11"
source = "registry+https://github.com/rust-lang/crates.io-index"
dependencies = [
 "proc-macro2 0.4.27 (registry+https://github.com/rust-lang/crates.io-index)",
]

[[package]]
name = "syn"
version = "0.15.26"
source = "registry+https://github.com/rust-lang/crates.io-index"
dependencies = [
 "proc-macro2 0.4.27 (registry+https://github.com/rust-lang/crates.io-index)",
 "quote 0.6.11 (registry+https://github.com/rust-lang/crates.io-index)",
 "unicode-xid 0.1.0 (registry+https://github.com/rust-lang/crates.io-index)",
]

[[package]]
name = "unicode-xid"
version = "0.1.0"
source = "registry+https://github.com/rust-lang/crates.io-index"

[[package]]
name = "unreachable"
version = "1.0.0"
source = "registry+https://github.com/rust-lang/crates.io-index"
dependencies = [
 "void 1.0.2 (registry+https://github.com/rust-lang/crates.io-index)",
]

[[package]]
name = "void"
version = "1.0.2"
source = "registry+https://github.com/rust-lang/crates.io-index"

[[package]]
name = "wee_alloc"
version = "0.4.2"
source = "registry+https://github.com/rust-lang/crates.io-index"
dependencies = [
 "cfg-if 0.1.6 (registry+https://github.com/rust-lang/crates.io-index)",
 "libc 0.2.48 (registry+https://github.com/rust-lang/crates.io-index)",
 "memory_units 0.4.0 (registry+https://github.com/rust-lang/crates.io-index)",
 "unreachable 1.0.0 (registry+https://github.com/rust-lang/crates.io-index)",
 "winapi 0.3.6 (registry+https://github.com/rust-lang/crates.io-index)",
]

[[package]]
name = "winapi"
version = "0.3.6"
source = "registry+https://github.com/rust-lang/crates.io-index"
dependencies = [
 "winapi-i686-pc-windows-gnu 0.4.0 (registry+https://github.com/rust-lang/crates.io-index)",
 "winapi-x86_64-pc-windows-gnu 0.4.0 (registry+https://github.com/rust-lang/crates.io-index)",
]

[[package]]
name = "winapi-i686-pc-windows-gnu"
version = "0.4.0"
source = "registry+https://github.com/rust-lang/crates.io-index"

[[package]]
name = "winapi-x86_64-pc-windows-gnu"
version = "0.4.0"
source = "registry+https://github.com/rust-lang/crates.io-index"

[metadata]
"checksum cfg-if 0.1.6 (registry+https://github.com/rust-lang/crates.io-index)" = "082bb9b28e00d3c9d39cc03e64ce4cea0f1bb9b3fde493f0cbc008472d22bdf4"
"checksum either 1.5.0 (registry+https://github.com/rust-lang/crates.io-index)" = "3be565ca5c557d7f59e7cfcf1844f9e3033650c929c6566f511e8005f205c1d0"
"checksum embrio-async 0.1.0 (git+https://github.com/Nemo157/embrio-rs?rev=73853731f00b1babefe572fe8b339f188e1a17db)" = "<none>"
"checksum embrio-async-dehygiene 0.1.0 (git+https://github.com/Nemo157/embrio-rs?rev=73853731f00b1babefe572fe8b339f188e1a17db)" = "<none>"
"checksum futures-channel-preview 0.3.0-alpha.12 (registry+https://github.com/rust-lang/crates.io-index)" = "19a90ba09f9743470dac8daf6b9b1dd918edac032e3d384e0da56525c7c50ff1"
"checksum futures-core-preview 0.3.0-alpha.12 (registry+https://github.com/rust-lang/crates.io-index)" = "20c083b896a44aa7acfc911133cdb98dd31b7febc692b9a51c5f4e9e70feed36"
"checksum futures-executor-preview 0.3.0-alpha.12 (registry+https://github.com/rust-lang/crates.io-index)" = "5bf8777754faecb43584ea1927a0776c94d5d88a8fc68fc5c0f351f750c58922"
"checksum futures-io-preview 0.3.0-alpha.12 (registry+https://github.com/rust-lang/crates.io-index)" = "9b70e79314b3d448c142f13719ad4dba60b445f894b1656aa877dbcb28815795"
"checksum futures-preview 0.3.0-alpha.12 (registry+https://github.com/rust-lang/crates.io-index)" = "f75490e3af40ae04948a939b044c7f6bc0ca2599cc83e4db5de68e43cf9451f3"
"checksum futures-select-macro-preview 0.3.0-alpha.12 (registry+https://github.com/rust-lang/crates.io-index)" = "b5e90a1190c77bd279401cd247f1849ce9f4c74b37998088c11b1b038c5e4e3f"
"checksum futures-sink-preview 0.3.0-alpha.12 (registry+https://github.com/rust-lang/crates.io-index)" = "955b7c0666e2fb468443007f2c0a1779e398f23a6bf8b0398033904cf6a1bc3f"
"checksum futures-util-preview 0.3.0-alpha.12 (registry+https://github.com/rust-lang/crates.io-index)" = "d7d3d7a6f5a58d2aa9a26f76fdd581f73505f573bc63269e478daef28a0b23f8"
"checksum libc 0.2.48 (registry+https://github.com/rust-lang/crates.io-index)" = "e962c7641008ac010fa60a7dfdc1712449f29c44ef2d4702394aea943ee75047"
"checksum memory_units 0.4.0 (registry+https://github.com/rust-lang/crates.io-index)" = "8452105ba047068f40ff7093dd1d9da90898e63dd61736462e9cdda6a90ad3c3"
"checksum pin-utils 0.1.0-alpha.4 (registry+https://github.com/rust-lang/crates.io-index)" = "5894c618ce612a3fa23881b152b608bafb8c56cfc22f434a3ba3120b40f7b587"
"checksum proc-macro-hack 0.5.4 (registry+https://github.com/rust-lang/crates.io-index)" = "3e90aa19cd73dedc2d0e1e8407473f073d735fef0ab521438de6da8ee449ab66"
"checksum proc-macro-nested 0.1.2 (registry+https://github.com/rust-lang/crates.io-index)" = "e9968e025d6368d1273a93bc23051e30dbf5482475e716d7385d8ec8fbd5b5b6"
"checksum proc-macro2 0.4.27 (registry+https://github.com/rust-lang/crates.io-index)" = "4d317f9caece796be1980837fd5cb3dfec5613ebdb04ad0956deea83ce168915"
"checksum quote 0.6.11 (registry+https://github.com/rust-lang/crates.io-index)" = "cdd8e04bd9c52e0342b406469d494fcb033be4bdbe5c606016defbb1681411e1"
"checksum syn 0.15.26 (registry+https://github.com/rust-lang/crates.io-index)" = "f92e629aa1d9c827b2bb8297046c1ccffc57c99b947a680d3ccff1f136a3bee9"
"checksum unicode-xid 0.1.0 (registry+https://github.com/rust-lang/crates.io-index)" = "fc72304796d0818e357ead4e000d19c9c174ab23dc11093ac919054d20a6a7fc"
"checksum unreachable 1.0.0 (registry+https://github.com/rust-lang/crates.io-index)" = "382810877fe448991dfc7f0dd6e3ae5d58088fd0ea5e35189655f84e6814fa56"
"checksum void 1.0.2 (registry+https://github.com/rust-lang/crates.io-index)" = "6a02e4885ed3bc0f2de90ea6dd45ebcbb66dacffe03547fadbb0eeae2770887d"
"checksum wee_alloc 0.4.2 (registry+https://github.com/rust-lang/crates.io-index)" = "27875be1daf838fa18f3e94fd19fd12638e34615b42f56da2610c8f46be80cc6"
"checksum winapi 0.3.6 (registry+https://github.com/rust-lang/crates.io-index)" = "92c1eb33641e276cfa214a0522acad57be5c56b10cb348b3c5117db75f3ac4b0"
"checksum winapi-i686-pc-windows-gnu 0.4.0 (registry+https://github.com/rust-lang/crates.io-index)" = "ac3b87c63620426dd9b991e5ce0329eff545bccbbb34f3be09ff6fb6ab51b7b6"
"checksum winapi-x86_64-pc-windows-gnu 0.4.0 (registry+https://github.com/rust-lang/crates.io-index)" = "712e227841d057c1ee1cd2fb22fa7e5a5461ae8e48fa2ca79ec42cfc1931183f"
